// !$*UTF8*$!
{
	archiveVersion = 1;
	classes = {
	};
	objectVersion = 77;
	objects = {

/* Begin PBXContainerItemProxy section */
		69DBA7982E3C998D00081620 /* PBXContainerItemProxy */ = {
			isa = PBXContainerItemProxy;
			containerPortal = 69DBA7822E3C998A00081620 /* Project object */;
			proxyType = 1;
			remoteGlobalIDString = 69DBA7892E3C998A00081620;
			remoteInfo = "Scripture Spotlight";
		};
		69DBA7A22E3C998D00081620 /* PBXContainerItemProxy */ = {
			isa = PBXContainerItemProxy;
			containerPortal = 69DBA7822E3C998A00081620 /* Project object */;
			proxyType = 1;
			remoteGlobalIDString = 69DBA7892E3C998A00081620;
			remoteInfo = "Scripture Spotlight";
		};
/* End PBXContainerItemProxy section */

/* Begin PBXFileReference section */
		69DBA78A2E3C998A00081620 /* Scripture Spotlight.app */ = {isa = PBXFileReference; explicitFileType = wrapper.application; includeInIndex = 0; path = "Scripture Spotlight.app"; sourceTree = BUILT_PRODUCTS_DIR; };
		69DBA7972E3C998D00081620 /* Scripture SpotlightTests.xctest */ = {isa = PBXFileReference; explicitFileType = wrapper.cfbundle; includeInIndex = 0; path = "Scripture SpotlightTests.xctest"; sourceTree = BUILT_PRODUCTS_DIR; };
		69DBA7A12E3C998D00081620 /* Scripture SpotlightUITests.xctest */ = {isa = PBXFileReference; explicitFileType = wrapper.cfbundle; includeInIndex = 0; path = "Scripture SpotlightUITests.xctest"; sourceTree = BUILT_PRODUCTS_DIR; };
/* End PBXFileReference section */

/* Begin PBXFileSystemSynchronizedRootGroup section */
		69DBA78C2E3C998A00081620 /* Scripture Spotlight */ = {
			isa = PBXFileSystemSynchronizedRootGroup;
			path = "Scripture Spotlight";
			sourceTree = "<group>";
		};
		69DBA79A2E3C998D00081620 /* Scripture SpotlightTests */ = {
			isa = PBXFileSystemSynchronizedRootGroup;
			path = "Scripture SpotlightTests";
			sourceTree = "<group>";
		};
		69DBA7A42E3C998D00081620 /* Scripture SpotlightUITests */ = {
			isa = PBXFileSystemSynchronizedRootGroup;
			path = "Scripture SpotlightUITests";
			sourceTree = "<group>";
		};
/* End PBXFileSystemSynchronizedRootGroup section */

/* Begin PBXFrameworksBuildPhase section */
		69DBA7872E3C998A00081620 /* Frameworks */ = {
			isa = PBXFrameworksBuildPhase;
			buildActionMask = 2147483647;
			files = (
			);
			runOnlyForDeploymentPostprocessing = 0;
		};
		69DBA7942E3C998C00081620 /* Frameworks */ = {
			isa = PBXFrameworksBuildPhase;
			buildActionMask = 2147483647;
			files = (
			);
			runOnlyForDeploymentPostprocessing = 0;
		};
		69DBA79E2E3C998D00081620 /* Frameworks */ = {
			isa = PBXFrameworksBuildPhase;
			buildActionMask = 2147483647;
			files = (
			);
			runOnlyForDeploymentPostprocessing = 0;
		};
/* End PBXFrameworksBuildPhase section */

/* Begin PBXGroup section */
		69DBA7812E3C998A00081620 = {
			isa = PBXGroup;
			children = (
				69DBA78C2E3C998A00081620 /* Scripture Spotlight */,
				69DBA79A2E3C998D00081620 /* Scripture SpotlightTests */,
				69DBA7A42E3C998D00081620 /* Scripture SpotlightUITests */,
				69DBA78B2E3C998A00081620 /* Products */,
			);
			sourceTree = "<group>";
		};
		69DBA78B2E3C998A00081620 /* Products */ = {
			isa = PBXGroup;
			children = (
				69DBA78A2E3C998A00081620 /* Scripture Spotlight.app */,
				69DBA7972E3C998D00081620 /* Scripture SpotlightTests.xctest */,
				69DBA7A12E3C998D00081620 /* Scripture SpotlightUITests.xctest */,
			);
			name = Products;
			sourceTree = "<group>";
		};
/* End PBXGroup section */

/* Begin PBXNativeTarget section */
		69DBA7892E3C998A00081620 /* Scripture Spotlight */ = {
			isa = PBXNativeTarget;
			buildConfigurationList = 69DBA7AB2E3C998D00081620 /* Build configuration list for PBXNativeTarget "Scripture Spotlight" */;
			buildPhases = (
				69DBA7862E3C998A00081620 /* Sources */,
				69DBA7872E3C998A00081620 /* Frameworks */,
				69DBA7882E3C998A00081620 /* Resources */,
			);
			buildRules = (
			);
			dependencies = (
			);
			fileSystemSynchronizedGroups = (
				69DBA78C2E3C998A00081620 /* Scripture Spotlight */,
			);
			name = "Scripture Spotlight";
			packageProductDependencies = (
			);
			productName = "Scripture Spotlight";
			productReference = 69DBA78A2E3C998A00081620 /* Scripture Spotlight.app */;
			productType = "com.apple.product-type.application";
		};
		69DBA7962E3C998C00081620 /* Scripture SpotlightTests */ = {
			isa = PBXNativeTarget;
			buildConfigurationList = 69DBA7AE2E3C998D00081620 /* Build configuration list for PBXNativeTarget "Scripture SpotlightTests" */;
			buildPhases = (
				69DBA7932E3C998C00081620 /* Sources */,
				69DBA7942E3C998C00081620 /* Frameworks */,
				69DBA7952E3C998C00081620 /* Resources */,
			);
			buildRules = (
			);
			dependencies = (
				69DBA7992E3C998D00081620 /* PBXTargetDependency */,
			);
			fileSystemSynchronizedGroups = (
				69DBA79A2E3C998D00081620 /* Scripture SpotlightTests */,
			);
			name = "Scripture SpotlightTests";
			packageProductDependencies = (
			);
			productName = "Scripture SpotlightTests";
			productReference = 69DBA7972E3C998D00081620 /* Scripture SpotlightTests.xctest */;
			productType = "com.apple.product-type.bundle.unit-test";
		};
		69DBA7A02E3C998D00081620 /* Scripture SpotlightUITests */ = {
			isa = PBXNativeTarget;
			buildConfigurationList = 69DBA7B12E3C998D00081620 /* Build configuration list for PBXNativeTarget "Scripture SpotlightUITests" */;
			buildPhases = (
				69DBA79D2E3C998D00081620 /* Sources */,
				69DBA79E2E3C998D00081620 /* Frameworks */,
				69DBA79F2E3C998D00081620 /* Resources */,
			);
			buildRules = (
			);
			dependencies = (
				69DBA7A32E3C998D00081620 /* PBXTargetDependency */,
			);
			fileSystemSynchronizedGroups = (
				69DBA7A42E3C998D00081620 /* Scripture SpotlightUITests */,
			);
			name = "Scripture SpotlightUITests";
			packageProductDependencies = (
			);
			productName = "Scripture SpotlightUITests";
			productReference = 69DBA7A12E3C998D00081620 /* Scripture SpotlightUITests.xctest */;
			productType = "com.apple.product-type.bundle.ui-testing";
		};
/* End PBXNativeTarget section */

/* Begin PBXProject section */
		69DBA7822E3C998A00081620 /* Project object */ = {
			isa = PBXProject;
			attributes = {
				BuildIndependentTargetsInParallel = 1;
				LastSwiftUpdateCheck = 2600;
				LastUpgradeCheck = 2600;
				TargetAttributes = {
					69DBA7892E3C998A00081620 = {
						CreatedOnToolsVersion = 26.0;
					};
					69DBA7962E3C998C00081620 = {
						CreatedOnToolsVersion = 26.0;
						TestTargetID = 69DBA7892E3C998A00081620;
					};
					69DBA7A02E3C998D00081620 = {
						CreatedOnToolsVersion = 26.0;
						TestTargetID = 69DBA7892E3C998A00081620;
					};
				};
			};
			buildConfigurationList = 69DBA7852E3C998A00081620 /* Build configuration list for PBXProject "Scripture Spotlight" */;
			developmentRegion = en;
			hasScannedForEncodings = 0;
			knownRegions = (
				en,
				Base,
			);
			mainGroup = 69DBA7812E3C998A00081620;
			minimizedProjectReferenceProxies = 1;
			preferredProjectObjectVersion = 77;
			productRefGroup = 69DBA78B2E3C998A00081620 /* Products */;
			projectDirPath = "";
			projectRoot = "";
			targets = (
				69DBA7892E3C998A00081620 /* Scripture Spotlight */,
				69DBA7962E3C998C00081620 /* Scripture SpotlightTests */,
				69DBA7A02E3C998D00081620 /* Scripture SpotlightUITests */,
			);
		};
/* End PBXProject section */

/* Begin PBXResourcesBuildPhase section */
		69DBA7882E3C998A00081620 /* Resources */ = {
			isa = PBXResourcesBuildPhase;
			buildActionMask = 2147483647;
			files = (
			);
			runOnlyForDeploymentPostprocessing = 0;
		};
		69DBA7952E3C998C00081620 /* Resources */ = {
			isa = PBXResourcesBuildPhase;
			buildActionMask = 2147483647;
			files = (
			);
			runOnlyForDeploymentPostprocessing = 0;
		};
		69DBA79F2E3C998D00081620 /* Resources */ = {
			isa = PBXResourcesBuildPhase;
			buildActionMask = 2147483647;
			files = (
			);
			runOnlyForDeploymentPostprocessing = 0;
		};
/* End PBXResourcesBuildPhase section */

/* Begin PBXSourcesBuildPhase section */
		69DBA7862E3C998A00081620 /* Sources */ = {
			isa = PBXSourcesBuildPhase;
			buildActionMask = 2147483647;
			files = (
			);
			runOnlyForDeploymentPostprocessing = 0;
		};
		69DBA7932E3C998C00081620 /* Sources */ = {
			isa = PBXSourcesBuildPhase;
			buildActionMask = 2147483647;
			files = (
			);
			runOnlyForDeploymentPostprocessing = 0;
		};
		69DBA79D2E3C998D00081620 /* Sources */ = {
			isa = PBXSourcesBuildPhase;
			buildActionMask = 2147483647;
			files = (
			);
			runOnlyForDeploymentPostprocessing = 0;
		};
/* End PBXSourcesBuildPhase section */

/* Begin PBXTargetDependency section */
		69DBA7992E3C998D00081620 /* PBXTargetDependency */ = {
			isa = PBXTargetDependency;
			target = 69DBA7892E3C998A00081620 /* Scripture Spotlight */;
			targetProxy = 69DBA7982E3C998D00081620 /* PBXContainerItemProxy */;
		};
		69DBA7A32E3C998D00081620 /* PBXTargetDependency */ = {
			isa = PBXTargetDependency;
			target = 69DBA7892E3C998A00081620 /* Scripture Spotlight */;
			targetProxy = 69DBA7A22E3C998D00081620 /* PBXContainerItemProxy */;
		};
/* End PBXTargetDependency section */

/* Begin XCBuildConfiguration section */
		69DBA7A92E3C998D00081620 /* Debug */ = {
			isa = XCBuildConfiguration;
			buildSettings = {
				ALWAYS_SEARCH_USER_PATHS = NO;
				ASSETCATALOG_COMPILER_GENERATE_SWIFT_ASSET_SYMBOL_EXTENSIONS = YES;
				CLANG_ANALYZER_NONNULL = YES;
				CLANG_ANALYZER_NUMBER_OBJECT_CONVERSION = YES_AGGRESSIVE;
				CLANG_CXX_LANGUAGE_STANDARD = "gnu++20";
				CLANG_ENABLE_MODULES = YES;
				CLANG_ENABLE_OBJC_ARC = YES;
				CLANG_ENABLE_OBJC_WEAK = YES;
				CLANG_WARN_BLOCK_CAPTURE_AUTORELEASING = YES;
				CLANG_WARN_BOOL_CONVERSION = YES;
				CLANG_WARN_COMMA = YES;
				CLANG_WARN_CONSTANT_CONVERSION = YES;
				CLANG_WARN_DEPRECATED_OBJC_IMPLEMENTATIONS = YES;
				CLANG_WARN_DIRECT_OBJC_ISA_USAGE = YES_ERROR;
				CLANG_WARN_DOCUMENTATION_COMMENTS = YES;
				CLANG_WARN_EMPTY_BODY = YES;
				CLANG_WARN_ENUM_CONVERSION = YES;
				CLANG_WARN_INFINITE_RECURSION = YES;
				CLANG_WARN_INT_CONVERSION = YES;
				CLANG_WARN_NON_LITERAL_NULL_CONVERSION = YES;
				CLANG_WARN_OBJC_IMPLICIT_RETAIN_SELF = YES;
				CLANG_WARN_OBJC_LITERAL_CONVERSION = YES;
				CLANG_WARN_OBJC_ROOT_CLASS = YES_ERROR;
				CLANG_WARN_QUOTED_INCLUDE_IN_FRAMEWORK_HEADER = YES;
				CLANG_WARN_RANGE_LOOP_ANALYSIS = YES;
				CLANG_WARN_STRICT_PROTOTYPES = YES;
				CLANG_WARN_SUSPICIOUS_MOVE = YES;
				CLANG_WARN_UNGUARDED_AVAILABILITY = YES_AGGRESSIVE;
				CLANG_WARN_UNREACHABLE_CODE = YES;
				CLANG_WARN__DUPLICATE_METHOD_MATCH = YES;
				COPY_PHASE_STRIP = NO;
				DEBUG_INFORMATION_FORMAT = dwarf;
				DEVELOPMENT_TEAM = 975ATGFF5G;
				ENABLE_STRICT_OBJC_MSGSEND = YES;
				ENABLE_TESTABILITY = YES;
				ENABLE_USER_SCRIPT_SANDBOXING = YES;
				GCC_C_LANGUAGE_STANDARD = gnu17;
				GCC_DYNAMIC_NO_PIC = NO;
				GCC_NO_COMMON_BLOCKS = YES;
				GCC_OPTIMIZATION_LEVEL = 0;
				GCC_PREPROCESSOR_DEFINITIONS = (
					"DEBUG=1",
					"$(inherited)",
				);
				GCC_WARN_64_TO_32_BIT_CONVERSION = YES;
				GCC_WARN_ABOUT_RETURN_TYPE = YES_ERROR;
				GCC_WARN_UNDECLARED_SELECTOR = YES;
				GCC_WARN_UNINITIALIZED_AUTOS = YES_AGGRESSIVE;
				GCC_WARN_UNUSED_FUNCTION = YES;
				GCC_WARN_UNUSED_VARIABLE = YES;
				LOCALIZATION_PREFERS_STRING_CATALOGS = YES;
				MACOSX_DEPLOYMENT_TARGET = 26.0;
				MTL_ENABLE_DEBUG_INFO = INCLUDE_SOURCE;
				MTL_FAST_MATH = YES;
				ONLY_ACTIVE_ARCH = YES;
				SDKROOT = macosx;
				SWIFT_ACTIVE_COMPILATION_CONDITIONS = "DEBUG $(inherited)";
				SWIFT_OPTIMIZATION_LEVEL = "-Onone";
			};
			name = Debug;
		};
		69DBA7AA2E3C998D00081620 /* Release */ = {
			isa = XCBuildConfiguration;
			buildSettings = {
				ALWAYS_SEARCH_USER_PATHS = NO;
				ASSETCATALOG_COMPILER_GENERATE_SWIFT_ASSET_SYMBOL_EXTENSIONS = YES;
				CLANG_ANALYZER_NONNULL = YES;
				CLANG_ANALYZER_NUMBER_OBJECT_CONVERSION = YES_AGGRESSIVE;
				CLANG_CXX_LANGUAGE_STANDARD = "gnu++20";
				CLANG_ENABLE_MODULES = YES;
				CLANG_ENABLE_OBJC_ARC = YES;
				CLANG_ENABLE_OBJC_WEAK = YES;
				CLANG_WARN_BLOCK_CAPTURE_AUTORELEASING = YES;
				CLANG_WARN_BOOL_CONVERSION = YES;
				CLANG_WARN_COMMA = YES;
				CLANG_WARN_CONSTANT_CONVERSION = YES;
				CLANG_WARN_DEPRECATED_OBJC_IMPLEMENTATIONS = YES;
				CLANG_WARN_DIRECT_OBJC_ISA_USAGE = YES_ERROR;
				CLANG_WARN_DOCUMENTATION_COMMENTS = YES;
				CLANG_WARN_EMPTY_BODY = YES;
				CLANG_WARN_ENUM_CONVERSION = YES;
				CLANG_WARN_INFINITE_RECURSION = YES;
				CLANG_WARN_INT_CONVERSION = YES;
				CLANG_WARN_NON_LITERAL_NULL_CONVERSION = YES;
				CLANG_WARN_OBJC_IMPLICIT_RETAIN_SELF = YES;
				CLANG_WARN_OBJC_LITERAL_CONVERSION = YES;
				CLANG_WARN_OBJC_ROOT_CLASS = YES_ERROR;
				CLANG_WARN_QUOTED_INCLUDE_IN_FRAMEWORK_HEADER = YES;
				CLANG_WARN_RANGE_LOOP_ANALYSIS = YES;
				CLANG_WARN_STRICT_PROTOTYPES = YES;
				CLANG_WARN_SUSPICIOUS_MOVE = YES;
				CLANG_WARN_UNGUARDED_AVAILABILITY = YES_AGGRESSIVE;
				CLANG_WARN_UNREACHABLE_CODE = YES;
				CLANG_WARN__DUPLICATE_METHOD_MATCH = YES;
				COPY_PHASE_STRIP = NO;
				DEBUG_INFORMATION_FORMAT = "dwarf-with-dsym";
				DEVELOPMENT_TEAM = 975ATGFF5G;
				ENABLE_NS_ASSERTIONS = NO;
				ENABLE_STRICT_OBJC_MSGSEND = YES;
				ENABLE_USER_SCRIPT_SANDBOXING = YES;
				GCC_C_LANGUAGE_STANDARD = gnu17;
				GCC_NO_COMMON_BLOCKS = YES;
				GCC_WARN_64_TO_32_BIT_CONVERSION = YES;
				GCC_WARN_ABOUT_RETURN_TYPE = YES_ERROR;
				GCC_WARN_UNDECLARED_SELECTOR = YES;
				GCC_WARN_UNINITIALIZED_AUTOS = YES_AGGRESSIVE;
				GCC_WARN_UNUSED_FUNCTION = YES;
				GCC_WARN_UNUSED_VARIABLE = YES;
				LOCALIZATION_PREFERS_STRING_CATALOGS = YES;
				MACOSX_DEPLOYMENT_TARGET = 26.0;
				MTL_ENABLE_DEBUG_INFO = NO;
				MTL_FAST_MATH = YES;
				SDKROOT = macosx;
				SWIFT_COMPILATION_MODE = wholemodule;
			};
			name = Release;
		};
		69DBA7AC2E3C998D00081620 /* Debug */ = {
			isa = XCBuildConfiguration;
			buildSettings = {
				ASSETCATALOG_COMPILER_APPICON_NAME = AppIcon;
				ASSETCATALOG_COMPILER_GLOBAL_ACCENT_COLOR_NAME = AccentColor;
				CODE_SIGN_STYLE = Automatic;
				COMBINE_HIDPI_IMAGES = YES;
				CURRENT_PROJECT_VERSION = 1;
				DEVELOPMENT_TEAM = 975ATGFF5G;
				ENABLE_APP_SANDBOX = YES;
				ENABLE_HARDENED_RUNTIME = YES;
				ENABLE_PREVIEWS = YES;
				ENABLE_USER_SELECTED_FILES = readonly;
				GENERATE_INFOPLIST_FILE = YES;
				INFOPLIST_KEY_NSHumanReadableCopyright = "";
				LD_RUNPATH_SEARCH_PATHS = (
					"$(inherited)",
					"@executable_path/../Frameworks",
				);
				MARKETING_VERSION = 1.0;
				PRODUCT_BUNDLE_IDENTIFIER = "club.judes.Scripture-Spotlight";
				PRODUCT_NAME = "$(TARGET_NAME)";
				REGISTER_APP_GROUPS = YES;
				STRING_CATALOG_GENERATE_SYMBOLS = YES;
				SWIFT_DEFAULT_ACTOR_ISOLATION = MainActor;
				SWIFT_EMIT_LOC_STRINGS = YES;
				SWIFT_UPCOMING_FEATURE_MEMBER_IMPORT_VISIBILITY = YES;
				SWIFT_VERSION = 5.0;
			};
			name = Debug;
		};
		69DBA7AD2E3C998D00081620 /* Release */ = {
			isa = XCBuildConfiguration;
			buildSettings = {
				ASSETCATALOG_COMPILER_APPICON_NAME = AppIcon;
				ASSETCATALOG_COMPILER_GLOBAL_ACCENT_COLOR_NAME = AccentColor;
				CODE_SIGN_STYLE = Automatic;
				COMBINE_HIDPI_IMAGES = YES;
				CURRENT_PROJECT_VERSION = 1;
				DEVELOPMENT_TEAM = 975ATGFF5G;
				ENABLE_APP_SANDBOX = YES;
				ENABLE_HARDENED_RUNTIME = YES;
				ENABLE_PREVIEWS = YES;
				ENABLE_USER_SELECTED_FILES = readonly;
				GENERATE_INFOPLIST_FILE = YES;
				INFOPLIST_KEY_NSHumanReadableCopyright = "";
				LD_RUNPATH_SEARCH_PATHS = (
					"$(inherited)",
					"@executable_path/../Frameworks",
				);
				MARKETING_VERSION = 1.0;
				PRODUCT_BUNDLE_IDENTIFIER = "club.judes.Scripture-Spotlight";
				PRODUCT_NAME = "$(TARGET_NAME)";
				REGISTER_APP_GROUPS = YES;
				STRING_CATALOG_GENERATE_SYMBOLS = YES;
				SWIFT_DEFAULT_ACTOR_ISOLATION = MainActor;
				SWIFT_EMIT_LOC_STRINGS = YES;
				SWIFT_UPCOMING_FEATURE_MEMBER_IMPORT_VISIBILITY = YES;
				SWIFT_VERSION = 5.0;
			};
			name = Release;
		};
		69DBA7AF2E3C998D00081620 /* Debug */ = {
			isa = XCBuildConfiguration;
			buildSettings = {
				BUNDLE_LOADER = "$(TEST_HOST)";
				CODE_SIGN_STYLE = Automatic;
				CURRENT_PROJECT_VERSION = 1;
				DEVELOPMENT_TEAM = 975ATGFF5G;
				GENERATE_INFOPLIST_FILE = YES;
				MACOSX_DEPLOYMENT_TARGET = 26.0;
				MARKETING_VERSION = 1.0;
				PRODUCT_BUNDLE_IDENTIFIER = "club.judes.Scripture-SpotlightTests";
				PRODUCT_NAME = "$(TARGET_NAME)";
				STRING_CATALOG_GENERATE_SYMBOLS = NO;
				SWIFT_EMIT_LOC_STRINGS = NO;
				SWIFT_UPCOMING_FEATURE_MEMBER_IMPORT_VISIBILITY = YES;
				SWIFT_VERSION = 5.0;
				TEST_HOST = "$(BUILT_PRODUCTS_DIR)/Scripture Spotlight.app/$(BUNDLE_EXECUTABLE_FOLDER_PATH)/Scripture Spotlight";
			};
			name = Debug;
		};
		69DBA7B02E3C998D00081620 /* Release */ = {
			isa = XCBuildConfiguration;
			buildSettings = {
				BUNDLE_LOADER = "$(TEST_HOST)";
				CODE_SIGN_STYLE = Automatic;
				CURRENT_PROJECT_VERSION = 1;
				DEVELOPMENT_TEAM = 975ATGFF5G;
				GENERATE_INFOPLIST_FILE = YES;
				MACOSX_DEPLOYMENT_TARGET = 26.0;
				MARKETING_VERSION = 1.0;
				PRODUCT_BUNDLE_IDENTIFIER = "club.judes.Scripture-SpotlightTests";
				PRODUCT_NAME = "$(TARGET_NAME)";
				STRING_CATALOG_GENERATE_SYMBOLS = NO;
				SWIFT_EMIT_LOC_STRINGS = NO;
				SWIFT_UPCOMING_FEATURE_MEMBER_IMPORT_VISIBILITY = YES;
				SWIFT_VERSION = 5.0;
				TEST_HOST = "$(BUILT_PRODUCTS_DIR)/Scripture Spotlight.app/$(BUNDLE_EXECUTABLE_FOLDER_PATH)/Scripture Spotlight";
			};
			name = Release;
		};
		69DBA7B22E3C998D00081620 /* Debug */ = {
			isa = XCBuildConfiguration;
			buildSettings = {
				CODE_SIGN_STYLE = Automatic;
				CURRENT_PROJECT_VERSION = 1;
				DEVELOPMENT_TEAM = 975ATGFF5G;
				GENERATE_INFOPLIST_FILE = YES;
				MARKETING_VERSION = 1.0;
				PRODUCT_BUNDLE_IDENTIFIER = "club.judes.Scripture-SpotlightUITests";
				PRODUCT_NAME = "$(TARGET_NAME)";
				STRING_CATALOG_GENERATE_SYMBOLS = NO;
				SWIFT_EMIT_LOC_STRINGS = NO;
				SWIFT_UPCOMING_FEATURE_MEMBER_IMPORT_VISIBILITY = YES;
				SWIFT_VERSION = 5.0;
				TEST_TARGET_NAME = "Scripture Spotlight";
			};
			name = Debug;
		};
		69DBA7B32E3C998D00081620 /* Release */ = {
			isa = XCBuildConfiguration;
			buildSettings = {
				CODE_SIGN_STYLE = Automatic;
				CURRENT_PROJECT_VERSION = 1;
				DEVELOPMENT_TEAM = 975ATGFF5G;
				GENERATE_INFOPLIST_FILE = YES;
				MARKETING_VERSION = 1.0;
				PRODUCT_BUNDLE_IDENTIFIER = "club.judes.Scripture-SpotlightUITests";
				PRODUCT_NAME = "$(TARGET_NAME)";
				STRING_CATALOG_GENERATE_SYMBOLS = NO;
				SWIFT_EMIT_LOC_STRINGS = NO;
				SWIFT_UPCOMING_FEATURE_MEMBER_IMPORT_VISIBILITY = YES;
				SWIFT_VERSION = 5.0;
				TEST_TARGET_NAME = "Scripture Spotlight";
			};
			name = Release;
		};
/* End XCBuildConfiguration section */

/* Begin XCConfigurationList section */
		69DBA7852E3C998A00081620 /* Build configuration list for PBXProject "Scripture Spotlight" */ = {
			isa = XCConfigurationList;
			buildConfigurations = (
				69DBA7A92E3C998D00081620 /* Debug */,
				69DBA7AA2E3C998D00081620 /* Release */,
			);
			defaultConfigurationIsVisible = 0;
			defaultConfigurationName = Release;
		};
		69DBA7AB2E3C998D00081620 /* Build configuration list for PBXNativeTarget "Scripture Spotlight" */ = {
			isa = XCConfigurationList;
			buildConfigurations = (
				69DBA7AC2E3C998D00081620 /* Debug */,
				69DBA7AD2E3C998D00081620 /* Release */,
			);
			defaultConfigurationIsVisible = 0;
			defaultConfigurationName = Release;
		};
		69DBA7AE2E3C998D00081620 /* Build configuration list for PBXNativeTarget "Scripture SpotlightTests" */ = {
			isa = XCConfigurationList;
			buildConfigurations = (
				69DBA7AF2E3C998D00081620 /* Debug */,
				69DBA7B02E3C998D00081620 /* Release */,
			);
			defaultConfigurationIsVisible = 0;
			defaultConfigurationName = Release;
		};
		69DBA7B12E3C998D00081620 /* Build configuration list for PBXNativeTarget "Scripture SpotlightUITests" */ = {
			isa = XCConfigurationList;
			buildConfigurations = (
				69DBA7B22E3C998D00081620 /* Debug */,
				69DBA7B32E3C998D00081620 /* Release */,
			);
			defaultConfigurationIsVisible = 0;
			defaultConfigurationName = Release;
		};
/* End XCConfigurationList section */
	};
	rootObject = 69DBA7822E3C998A00081620 /* Project object */;
}
